
Microsoft Visual Studio Solution File, Format Version 12.00
# Visual Studio 15
VisualStudioVersion = 15.0.27428.2015
MinimumVisualStudioVersion = 10.0.40219.1
Project("{8BC9CEB8-8B4A-11D0-8D11-00A0C91BC942}") = "GrafikaKomputerowa2_2", "GrafikaKomputerowa2_2\GrafikaKomputerowa2_2.vcxproj", "{15A2D2ED-A02F-4B05-AFFE-DE39AC49F07D}"
EndProject
Global
	GlobalSection(SolutionConfigurationPlatforms) = preSolution
		Debug|x64 = Debug|x64
		Debug|x86 = Debug|x86
		Release|x64 = Release|x64
		Release|x86 = Release|x86
	EndGlobalSection
	GlobalSection(ProjectConfigurationPlatforms) = postSolution
		{15A2D2ED-A02F-4B05-AFFE-DE39AC49F07D}.Debug|x64.ActiveCfg = Debug|x64
		{15A2D2ED-A02F-4B05-AFFE-DE39AC49F07D}.Debug|x64.Build.0 = Debug|x64
		{15A2D2ED-A02F-4B05-AFFE-DE39AC49F07D}.Debug|x86.ActiveCfg = Debug|Win32
		{15A2D2ED-A02F-4B05-AFFE-DE39AC49F07D}.Debug|x86.Build.0 = Debug|Win32
		{15A2D2ED-A02F-4B05-AFFE-DE39AC49F07D}.Release|x64.ActiveCfg = Release|x64
		{15A2D2ED-A02F-4B05-AFFE-DE39AC49F07D}.Release|x64.Build.0 = Release|x64
		{15A2D2ED-A02F-4B05-AFFE-DE39AC49F07D}.Release|x86.ActiveCfg = Release|Win32
		{15A2D2ED-A02F-4B05-AFFE-DE39AC49F07D}.Release|x86.Build.0 = Release|Win32
	EndGlobalSection
	GlobalSection(SolutionProperties) = preSolution
		HideSolutionNode = FALSE
	EndGlobalSection
	GlobalSection(ExtensibilityGlobals) = postSolution
		SolutionGuid = {712B4A07-C01F-49FE-8489-3E2F73FC309F}
	EndGlobalSection
EndGlobal
